
Microsoft Visual Studio Solution File, Format Version 12.00
# Visual Studio Version 17
VisualStudioVersion = 17.14.36511.14 d17.14
MinimumVisualStudioVersion = 10.0.40219.1
Project("{FAE04EC0-301F-11D3-BF4B-00C04F79EFBC}") = "JJK-Project-Server", "JJK-Project-Server.csproj", "{A98D6ED2-7A71-A09B-9705-6E980FC01B06}"
EndProject
Global
	GlobalSection(SolutionConfigurationPlatforms) = preSolution
		Debug|Any CPU = Debug|Any CPU
		Release|Any CPU = Release|Any CPU
	EndGlobalSection
	GlobalSection(ProjectConfigurationPlatforms) = postSolution
		{A98D6ED2-7A71-A09B-9705-6E980FC01B06}.Debug|Any CPU.ActiveCfg = Debug|Any CPU
		{A98D6ED2-7A71-A09B-9705-6E980FC01B06}.Debug|Any CPU.Build.0 = Debug|Any CPU
		{A98D6ED2-7A71-A09B-9705-6E980FC01B06}.Release|Any CPU.ActiveCfg = Release|Any CPU
		{A98D6ED2-7A71-A09B-9705-6E980FC01B06}.Release|Any CPU.Build.0 = Release|Any CPU
	EndGlobalSection
	GlobalSection(SolutionProperties) = preSolution
		HideSolutionNode = FALSE
	EndGlobalSection
	GlobalSection(ExtensibilityGlobals) = postSolution
		SolutionGuid = {D19B0CB3-60FA-4264-BC91-26B288F7DEE5}
	EndGlobalSection
EndGlobal
